// !$*UTF8*$!
{
	archiveVersion = 1;
	classes = {
	};
	objectVersion = 56;
	objects = {

/* Begin PBXBuildFile section */
		D30C48932BD0218800C5B908 /* OrderListTableViewCell.swift in Sources */ = {isa = PBXBuildFile; fileRef = D30C48922BD0218800C5B908 /* OrderListTableViewCell.swift */; };
		D30C48952BD08EB400C5B908 /* OrderDetailViewController.swift in Sources */ = {isa = PBXBuildFile; fileRef = D30C48942BD08EB400C5B908 /* OrderDetailViewController.swift */; };
		D30C48972BD0D44F00C5B908 /* DrinksModel.swift in Sources */ = {isa = PBXBuildFile; fileRef = D30C48962BD0D44F00C5B908 /* DrinksModel.swift */; };
		D30C48992BD1F41E00C5B908 /* DrinkTableViewCell.swift in Sources */ = {isa = PBXBuildFile; fileRef = D30C48982BD1F41E00C5B908 /* DrinkTableViewCell.swift */; };
		D30C489C2BD41C1C00C5B908 /* CustomStepper.swift in Sources */ = {isa = PBXBuildFile; fileRef = D30C489B2BD41C1C00C5B908 /* CustomStepper.swift */; };
		D30C48A02BD79D8500C5B908 /* CheckoutView.swift in Sources */ = {isa = PBXBuildFile; fileRef = D30C489F2BD79D8500C5B908 /* CheckoutView.swift */; };
		D3159C872C286F4C00DBF0E0 /* Kingfisher in Frameworks */ = {isa = PBXBuildFile; productRef = D3159C862C286F4C00DBF0E0 /* Kingfisher */; };
		D3159C8A2C286F8D00DBF0E0 /* IQKeyboardManagerSwift in Frameworks */ = {isa = PBXBuildFile; productRef = D3159C892C286F8D00DBF0E0 /* IQKeyboardManagerSwift */; };
		D3159C8C2C2A90AA00DBF0E0 /* CheckingPasswordButton.swift in Sources */ = {isa = PBXBuildFile; fileRef = D3159C8B2C2A90AA00DBF0E0 /* CheckingPasswordButton.swift */; };
		D31D781F2C2156980039557A /* FavQsAPI.swift in Sources */ = {isa = PBXBuildFile; fileRef = D31D781E2C2156980039557A /* FavQsAPI.swift */; };
		D33A9CDC2C21723D005B614A /* AccountTextField.swift in Sources */ = {isa = PBXBuildFile; fileRef = D33A9CDB2C21723C005B614A /* AccountTextField.swift */; };
		D33A9CDE2C217261005B614A /* PasswordTextField.swift in Sources */ = {isa = PBXBuildFile; fileRef = D33A9CDD2C217261005B614A /* PasswordTextField.swift */; };
		D33A9CE22C217A40005B614A /* MailTextField.swift in Sources */ = {isa = PBXBuildFile; fileRef = D33A9CE12C217A40005B614A /* MailTextField.swift */; };
		D33A9CE42C217A78005B614A /* NameTextField.swift in Sources */ = {isa = PBXBuildFile; fileRef = D33A9CE32C217A78005B614A /* NameTextField.swift */; };
		D33A9CE62C2489B4005B614A /* ContentCheck.swift in Sources */ = {isa = PBXBuildFile; fileRef = D33A9CE52C2489B4005B614A /* ContentCheck.swift */; };
		D35F55862C0F5673001A3730 /* GoogleService-Info.plist in Resources */ = {isa = PBXBuildFile; fileRef = D35F55852C0F5673001A3730 /* GoogleService-Info.plist */; };
		D366516D2C2110E5000FA307 /* AuthSelectionViewController.swift in Sources */ = {isa = PBXBuildFile; fileRef = D366516C2C2110E5000FA307 /* AuthSelectionViewController.swift */; };
		D366516F2C211198000FA307 /* FinishButton.swift in Sources */ = {isa = PBXBuildFile; fileRef = D366516E2C211198000FA307 /* FinishButton.swift */; };
		D38E53852B887A6C008E8BDE /* ImageConstants.swift in Sources */ = {isa = PBXBuildFile; fileRef = D38E53842B887A6C008E8BDE /* ImageConstants.swift */; };
		D38E53882B887AAC008E8BDE /* ColorConstants.swift in Sources */ = {isa = PBXBuildFile; fileRef = D38E53872B887AAC008E8BDE /* ColorConstants.swift */; };
		D38E538A2B888F50008E8BDE /* LoginButton.swift in Sources */ = {isa = PBXBuildFile; fileRef = D38E53892B888F50008E8BDE /* LoginButton.swift */; };
		D38E53962B889ADD008E8BDE /* LoginViewController.swift in Sources */ = {isa = PBXBuildFile; fileRef = D38E53952B889ADD008E8BDE /* LoginViewController.swift */; };
		D38E53982B889B04008E8BDE /* OrderListViewController.swift in Sources */ = {isa = PBXBuildFile; fileRef = D38E53972B889B04008E8BDE /* OrderListViewController.swift */; };
		D38E539F2B88C2D8008E8BDE /* HomePageViewController.swift in Sources */ = {isa = PBXBuildFile; fileRef = D38E539E2B88C2D8008E8BDE /* HomePageViewController.swift */; };
		D38E53A12B88CB4B008E8BDE /* StoreLocationViewController.swift in Sources */ = {isa = PBXBuildFile; fileRef = D38E53A02B88CB4B008E8BDE /* StoreLocationViewController.swift */; };
		D38E53A32B88CE40008E8BDE /* SettingsModel.swift in Sources */ = {isa = PBXBuildFile; fileRef = D38E53A22B88CE40008E8BDE /* SettingsModel.swift */; };
		D39CB0232BDAB18B004B96C5 /* SettingTableViewCell.swift in Sources */ = {isa = PBXBuildFile; fileRef = D39CB0222BDAB18B004B96C5 /* SettingTableViewCell.swift */; };
		D39CB0252BDBFE39004B96C5 /* SettingTableViewController.swift in Sources */ = {isa = PBXBuildFile; fileRef = D39CB0242BDBFE39004B96C5 /* SettingTableViewController.swift */; };
		D39CB0272BDC0B0D004B96C5 /* KebukeStoreJson.json in Resources */ = {isa = PBXBuildFile; fileRef = D39CB0262BDC0B0D004B96C5 /* KebukeStoreJson.json */; };
		D39CB0292BDC8782004B96C5 /* KebukeStoreModel.swift in Sources */ = {isa = PBXBuildFile; fileRef = D39CB0282BDC8782004B96C5 /* KebukeStoreModel.swift */; };
		D39CB02F2BDD4F15004B96C5 /* KebukeAnnotation.swift in Sources */ = {isa = PBXBuildFile; fileRef = D39CB02E2BDD4F15004B96C5 /* KebukeAnnotation.swift */; };
		D39CB0312BDD5F07004B96C5 /* KebukeAnnotationView.swift in Sources */ = {isa = PBXBuildFile; fileRef = D39CB0302BDD5F07004B96C5 /* KebukeAnnotationView.swift */; };
		D39CB0522BDFFC07004B96C5 /* RegisterButton.swift in Sources */ = {isa = PBXBuildFile; fileRef = D39CB0512BDFFC07004B96C5 /* RegisterButton.swift */; };
		D39CB0552BDFFDB5004B96C5 /* RegisterViewController.swift in Sources */ = {isa = PBXBuildFile; fileRef = D39CB0542BDFFDB5004B96C5 /* RegisterViewController.swift */; };
		D39CB0572BE00897004B96C5 /* SecRegisterButton.swift in Sources */ = {isa = PBXBuildFile; fileRef = D39CB0562BE00897004B96C5 /* SecRegisterButton.swift */; };
		D3B242332C1DE7DA00EC0ED9 /* EmptyStateView.swift in Sources */ = {isa = PBXBuildFile; fileRef = D3B242322C1DE7DA00EC0ED9 /* EmptyStateView.swift */; };
		D3B242352C1DEDC400EC0ED9 /* NetworkManager.swift in Sources */ = {isa = PBXBuildFile; fileRef = D3B242342C1DEDC400EC0ED9 /* NetworkManager.swift */; };
		D3B2423A2C1EF9C800EC0ED9 /* DrinksQtyStepper.swift in Sources */ = {isa = PBXBuildFile; fileRef = D3B242392C1EF9C800EC0ED9 /* DrinksQtyStepper.swift */; };
		D3B2423C2C1F1F4000EC0ED9 /* DrinksOrder.swift in Sources */ = {isa = PBXBuildFile; fileRef = D3B2423B2C1F1F4000EC0ED9 /* DrinksOrder.swift */; };
		D3E8B6742C134667004D00BF /* SubmitButton.swift in Sources */ = {isa = PBXBuildFile; fileRef = D3E8B6732C134667004D00BF /* SubmitButton.swift */; };
		D3E8B6762C134B48004D00BF /* CustomTextField.swift in Sources */ = {isa = PBXBuildFile; fileRef = D3E8B6752C134B48004D00BF /* CustomTextField.swift */; };
		D3E8B6782C134ECF004D00BF /* CustomOrderDetailLabel.swift in Sources */ = {isa = PBXBuildFile; fileRef = D3E8B6772C134ECF004D00BF /* CustomOrderDetailLabel.swift */; };
		EB94C1D92B8734F5008098DE /* AppDelegate.swift in Sources */ = {isa = PBXBuildFile; fileRef = EB94C1D82B8734F5008098DE /* AppDelegate.swift */; };
		EB94C1DB2B8734F5008098DE /* SceneDelegate.swift in Sources */ = {isa = PBXBuildFile; fileRef = EB94C1DA2B8734F5008098DE /* SceneDelegate.swift */; };
		EB94C1E02B8734F5008098DE /* Main.storyboard in Resources */ = {isa = PBXBuildFile; fileRef = EB94C1DE2B8734F5008098DE /* Main.storyboard */; };
		EB94C1E22B8734F7008098DE /* Assets.xcassets in Resources */ = {isa = PBXBuildFile; fileRef = EB94C1E12B8734F7008098DE /* Assets.xcassets */; };
		EB94C1E52B8734F7008098DE /* LaunchScreen.storyboard in Resources */ = {isa = PBXBuildFile; fileRef = EB94C1E32B8734F7008098DE /* LaunchScreen.storyboard */; };
		EB94C1F02B8734F7008098DE /* DrinkOrderAppTests.swift in Sources */ = {isa = PBXBuildFile; fileRef = EB94C1EF2B8734F7008098DE /* DrinkOrderAppTests.swift */; };
		EB94C1FA2B8734F7008098DE /* DrinkOrderAppUITests.swift in Sources */ = {isa = PBXBuildFile; fileRef = EB94C1F92B8734F7008098DE /* DrinkOrderAppUITests.swift */; };
		EB94C1FC2B8734F7008098DE /* DrinkOrderAppUITestsLaunchTests.swift in Sources */ = {isa = PBXBuildFile; fileRef = EB94C1FB2B8734F7008098DE /* DrinkOrderAppUITestsLaunchTests.swift */; };
/* End PBXBuildFile section */

/* Begin PBXContainerItemProxy section */
		EB94C1EC2B8734F7008098DE /* PBXContainerItemProxy */ = {
			isa = PBXContainerItemProxy;
			containerPortal = EB94C1CD2B8734F5008098DE /* Project object */;
			proxyType = 1;
			remoteGlobalIDString = EB94C1D42B8734F5008098DE;
			remoteInfo = DrinkOrderApp;
		};
		EB94C1F62B8734F7008098DE /* PBXContainerItemProxy */ = {
			isa = PBXContainerItemProxy;
			containerPortal = EB94C1CD2B8734F5008098DE /* Project object */;
			proxyType = 1;
			remoteGlobalIDString = EB94C1D42B8734F5008098DE;
			remoteInfo = DrinkOrderApp;
		};
/* End PBXContainerItemProxy section */

/* Begin PBXFileReference section */
		D30C48922BD0218800C5B908 /* OrderListTableViewCell.swift */ = {isa = PBXFileReference; lastKnownFileType = sourcecode.swift; path = OrderListTableViewCell.swift; sourceTree = "<group>"; };
		D30C48942BD08EB400C5B908 /* OrderDetailViewController.swift */ = {isa = PBXFileReference; lastKnownFileType = sourcecode.swift; path = OrderDetailViewController.swift; sourceTree = "<group>"; };
		D30C48962BD0D44F00C5B908 /* DrinksModel.swift */ = {isa = PBXFileReference; lastKnownFileType = sourcecode.swift; path = DrinksModel.swift; sourceTree = "<group>"; };
		D30C48982BD1F41E00C5B908 /* DrinkTableViewCell.swift */ = {isa = PBXFileReference; lastKnownFileType = sourcecode.swift; path = DrinkTableViewCell.swift; sourceTree = "<group>"; };
		D30C489B2BD41C1C00C5B908 /* CustomStepper.swift */ = {isa = PBXFileReference; lastKnownFileType = sourcecode.swift; path = CustomStepper.swift; sourceTree = "<group>"; };
		D30C489F2BD79D8500C5B908 /* CheckoutView.swift */ = {isa = PBXFileReference; lastKnownFileType = sourcecode.swift; path = CheckoutView.swift; sourceTree = "<group>"; };
		D3159C8B2C2A90AA00DBF0E0 /* CheckingPasswordButton.swift */ = {isa = PBXFileReference; lastKnownFileType = sourcecode.swift; path = CheckingPasswordButton.swift; sourceTree = "<group>"; };
		D31D781E2C2156980039557A /* FavQsAPI.swift */ = {isa = PBXFileReference; lastKnownFileType = sourcecode.swift; path = FavQsAPI.swift; sourceTree = "<group>"; };
		D33A9CDB2C21723C005B614A /* AccountTextField.swift */ = {isa = PBXFileReference; lastKnownFileType = sourcecode.swift; path = AccountTextField.swift; sourceTree = "<group>"; };
		D33A9CDD2C217261005B614A /* PasswordTextField.swift */ = {isa = PBXFileReference; lastKnownFileType = sourcecode.swift; path = PasswordTextField.swift; sourceTree = "<group>"; };
		D33A9CE12C217A40005B614A /* MailTextField.swift */ = {isa = PBXFileReference; lastKnownFileType = sourcecode.swift; path = MailTextField.swift; sourceTree = "<group>"; };
		D33A9CE32C217A78005B614A /* NameTextField.swift */ = {isa = PBXFileReference; lastKnownFileType = sourcecode.swift; path = NameTextField.swift; sourceTree = "<group>"; };
		D33A9CE52C2489B4005B614A /* ContentCheck.swift */ = {isa = PBXFileReference; lastKnownFileType = sourcecode.swift; path = ContentCheck.swift; sourceTree = "<group>"; };
		D35F55852C0F5673001A3730 /* GoogleService-Info.plist */ = {isa = PBXFileReference; fileEncoding = 4; lastKnownFileType = text.plist.xml; name = "GoogleService-Info.plist"; path = "../GoogleService-Info.plist"; sourceTree = "<group>"; };
		D366516C2C2110E5000FA307 /* AuthSelectionViewController.swift */ = {isa = PBXFileReference; lastKnownFileType = sourcecode.swift; path = AuthSelectionViewController.swift; sourceTree = "<group>"; };
		D366516E2C211198000FA307 /* FinishButton.swift */ = {isa = PBXFileReference; lastKnownFileType = sourcecode.swift; path = FinishButton.swift; sourceTree = "<group>"; };
		D37E7D062C1ABC580079736E /* README.md */ = {isa = PBXFileReference; lastKnownFileType = net.daringfireball.markdown; path = README.md; sourceTree = "<group>"; };
		D38E53842B887A6C008E8BDE /* ImageConstants.swift */ = {isa = PBXFileReference; lastKnownFileType = sourcecode.swift; path = ImageConstants.swift; sourceTree = "<group>"; };
		D38E53872B887AAC008E8BDE /* ColorConstants.swift */ = {isa = PBXFileReference; lastKnownFileType = sourcecode.swift; path = ColorConstants.swift; sourceTree = "<group>"; };
		D38E53892B888F50008E8BDE /* LoginButton.swift */ = {isa = PBXFileReference; lastKnownFileType = sourcecode.swift; name = LoginButton.swift; path = "DrinkOrderApp/UI Components/Custom Buttons/LoginButton.swift"; sourceTree = SOURCE_ROOT; };
		D38E53952B889ADD008E8BDE /* LoginViewController.swift */ = {isa = PBXFileReference; lastKnownFileType = sourcecode.swift; path = LoginViewController.swift; sourceTree = "<group>"; };
		D38E53972B889B04008E8BDE /* OrderListViewController.swift */ = {isa = PBXFileReference; lastKnownFileType = sourcecode.swift; name = OrderListViewController.swift; path = "DrinkOrderApp/View Controllers/OrderListViewController.swift"; sourceTree = SOURCE_ROOT; };
		D38E539E2B88C2D8008E8BDE /* HomePageViewController.swift */ = {isa = PBXFileReference; lastKnownFileType = sourcecode.swift; path = HomePageViewController.swift; sourceTree = "<group>"; };
		D38E53A02B88CB4B008E8BDE /* StoreLocationViewController.swift */ = {isa = PBXFileReference; lastKnownFileType = sourcecode.swift; path = StoreLocationViewController.swift; sourceTree = "<group>"; };
		D38E53A22B88CE40008E8BDE /* SettingsModel.swift */ = {isa = PBXFileReference; lastKnownFileType = sourcecode.swift; path = SettingsModel.swift; sourceTree = "<group>"; };
		D39CB0222BDAB18B004B96C5 /* SettingTableViewCell.swift */ = {isa = PBXFileReference; lastKnownFileType = sourcecode.swift; path = SettingTableViewCell.swift; sourceTree = "<group>"; };
		D39CB0242BDBFE39004B96C5 /* SettingTableViewController.swift */ = {isa = PBXFileReference; lastKnownFileType = sourcecode.swift; path = SettingTableViewController.swift; sourceTree = "<group>"; };
		D39CB0262BDC0B0D004B96C5 /* KebukeStoreJson.json */ = {isa = PBXFileReference; fileEncoding = 4; lastKnownFileType = text.json; name = KebukeStoreJson.json; path = ../../../../Desktop/KebukeStoreJson.json; sourceTree = "<group>"; };
		D39CB0282BDC8782004B96C5 /* KebukeStoreModel.swift */ = {isa = PBXFileReference; lastKnownFileType = sourcecode.swift; path = KebukeStoreModel.swift; sourceTree = "<group>"; };
		D39CB02E2BDD4F15004B96C5 /* KebukeAnnotation.swift */ = {isa = PBXFileReference; lastKnownFileType = sourcecode.swift; path = KebukeAnnotation.swift; sourceTree = "<group>"; };
		D39CB0302BDD5F07004B96C5 /* KebukeAnnotationView.swift */ = {isa = PBXFileReference; lastKnownFileType = sourcecode.swift; path = KebukeAnnotationView.swift; sourceTree = "<group>"; };
		D39CB0512BDFFC07004B96C5 /* RegisterButton.swift */ = {isa = PBXFileReference; lastKnownFileType = sourcecode.swift; path = RegisterButton.swift; sourceTree = "<group>"; };
		D39CB0542BDFFDB5004B96C5 /* RegisterViewController.swift */ = {isa = PBXFileReference; lastKnownFileType = sourcecode.swift; path = RegisterViewController.swift; sourceTree = "<group>"; };
		D39CB0562BE00897004B96C5 /* SecRegisterButton.swift */ = {isa = PBXFileReference; lastKnownFileType = sourcecode.swift; path = SecRegisterButton.swift; sourceTree = "<group>"; };
		D3B242322C1DE7DA00EC0ED9 /* EmptyStateView.swift */ = {isa = PBXFileReference; lastKnownFileType = sourcecode.swift; path = EmptyStateView.swift; sourceTree = "<group>"; };
		D3B242342C1DEDC400EC0ED9 /* NetworkManager.swift */ = {isa = PBXFileReference; lastKnownFileType = sourcecode.swift; path = NetworkManager.swift; sourceTree = "<group>"; };
		D3B242392C1EF9C800EC0ED9 /* DrinksQtyStepper.swift */ = {isa = PBXFileReference; lastKnownFileType = sourcecode.swift; path = DrinksQtyStepper.swift; sourceTree = "<group>"; };
		D3B2423B2C1F1F4000EC0ED9 /* DrinksOrder.swift */ = {isa = PBXFileReference; lastKnownFileType = sourcecode.swift; path = DrinksOrder.swift; sourceTree = "<group>"; };
		D3E8B6732C134667004D00BF /* SubmitButton.swift */ = {isa = PBXFileReference; lastKnownFileType = sourcecode.swift; path = SubmitButton.swift; sourceTree = "<group>"; };
		D3E8B6752C134B48004D00BF /* CustomTextField.swift */ = {isa = PBXFileReference; lastKnownFileType = sourcecode.swift; path = CustomTextField.swift; sourceTree = "<group>"; };
		D3E8B6772C134ECF004D00BF /* CustomOrderDetailLabel.swift */ = {isa = PBXFileReference; lastKnownFileType = sourcecode.swift; path = CustomOrderDetailLabel.swift; sourceTree = "<group>"; };
		EB94C1D52B8734F5008098DE /* DrinkOrderApp.app */ = {isa = PBXFileReference; explicitFileType = wrapper.application; includeInIndex = 0; path = DrinkOrderApp.app; sourceTree = BUILT_PRODUCTS_DIR; };
		EB94C1D82B8734F5008098DE /* AppDelegate.swift */ = {isa = PBXFileReference; lastKnownFileType = sourcecode.swift; path = AppDelegate.swift; sourceTree = "<group>"; };
		EB94C1DA2B8734F5008098DE /* SceneDelegate.swift */ = {isa = PBXFileReference; lastKnownFileType = sourcecode.swift; path = SceneDelegate.swift; sourceTree = "<group>"; };
		EB94C1DF2B8734F5008098DE /* Base */ = {isa = PBXFileReference; lastKnownFileType = file.storyboard; name = Base; path = Base.lproj/Main.storyboard; sourceTree = "<group>"; };
		EB94C1E12B8734F7008098DE /* Assets.xcassets */ = {isa = PBXFileReference; lastKnownFileType = folder.assetcatalog; path = Assets.xcassets; sourceTree = "<group>"; };
		EB94C1E42B8734F7008098DE /* Base */ = {isa = PBXFileReference; lastKnownFileType = file.storyboard; name = Base; path = Base.lproj/LaunchScreen.storyboard; sourceTree = "<group>"; };
		EB94C1E62B8734F7008098DE /* Info.plist */ = {isa = PBXFileReference; lastKnownFileType = text.plist.xml; path = Info.plist; sourceTree = "<group>"; };
		EB94C1EB2B8734F7008098DE /* DrinkOrderAppTests.xctest */ = {isa = PBXFileReference; explicitFileType = wrapper.cfbundle; includeInIndex = 0; path = DrinkOrderAppTests.xctest; sourceTree = BUILT_PRODUCTS_DIR; };
		EB94C1EF2B8734F7008098DE /* DrinkOrderAppTests.swift */ = {isa = PBXFileReference; lastKnownFileType = sourcecode.swift; path = DrinkOrderAppTests.swift; sourceTree = "<group>"; };
		EB94C1F52B8734F7008098DE /* DrinkOrderAppUITests.xctest */ = {isa = PBXFileReference; explicitFileType = wrapper.cfbundle; includeInIndex = 0; path = DrinkOrderAppUITests.xctest; sourceTree = BUILT_PRODUCTS_DIR; };
		EB94C1F92B8734F7008098DE /* DrinkOrderAppUITests.swift */ = {isa = PBXFileReference; lastKnownFileType = sourcecode.swift; path = DrinkOrderAppUITests.swift; sourceTree = "<group>"; };
		EB94C1FB2B8734F7008098DE /* DrinkOrderAppUITestsLaunchTests.swift */ = {isa = PBXFileReference; lastKnownFileType = sourcecode.swift; path = DrinkOrderAppUITestsLaunchTests.swift; sourceTree = "<group>"; };
/* End PBXFileReference section */

/* Begin PBXFrameworksBuildPhase section */
		EB94C1D22B8734F5008098DE /* Frameworks */ = {
			isa = PBXFrameworksBuildPhase;
			buildActionMask = 2147483647;
			files = (
				D3159C872C286F4C00DBF0E0 /* Kingfisher in Frameworks */,
				D3159C8A2C286F8D00DBF0E0 /* IQKeyboardManagerSwift in Frameworks */,
			);
			runOnlyForDeploymentPostprocessing = 0;
		};
		EB94C1E82B8734F7008098DE /* Frameworks */ = {
			isa = PBXFrameworksBuildPhase;
			buildActionMask = 2147483647;
			files = (
			);
			runOnlyForDeploymentPostprocessing = 0;
		};
		EB94C1F22B8734F7008098DE /* Frameworks */ = {
			isa = PBXFrameworksBuildPhase;
			buildActionMask = 2147483647;
			files = (
			);
			runOnlyForDeploymentPostprocessing = 0;
		};
/* End PBXFrameworksBuildPhase section */

/* Begin PBXGroup section */
		D30C489A2BD263BE00C5B908 /* Custom TableViewCells */ = {
			isa = PBXGroup;
			children = (
				D30C48982BD1F41E00C5B908 /* DrinkTableViewCell.swift */,
				D30C48922BD0218800C5B908 /* OrderListTableViewCell.swift */,
				D39CB0222BDAB18B004B96C5 /* SettingTableViewCell.swift */,
			);
			path = "Custom TableViewCells";
			sourceTree = "<group>";
		};
		D35F55872C0F5EBF001A3730 /* Custom Views */ = {
			isa = PBXGroup;
			children = (
				D30C489F2BD79D8500C5B908 /* CheckoutView.swift */,
				D3B242322C1DE7DA00EC0ED9 /* EmptyStateView.swift */,
			);
			path = "Custom Views";
			sourceTree = "<group>";
		};
		D35F55882C0F5EDC001A3730 /* UI Components */ = {
			isa = PBXGroup;
			children = (
				D3E8B6772C134ECF004D00BF /* CustomOrderDetailLabel.swift */,
				D30C489B2BD41C1C00C5B908 /* CustomStepper.swift */,
				D3B242392C1EF9C800EC0ED9 /* DrinksQtyStepper.swift */,
				D36651722C21128E000FA307 /* Custom TextFields */,
				D39CB0532BDFFCF3004B96C5 /* Custom Buttons */,
				D30C489A2BD263BE00C5B908 /* Custom TableViewCells */,
				D36651732C2112AB000FA307 /* Custom AnnotationView */,
				D35F55872C0F5EBF001A3730 /* Custom Views */,
			);
			path = "UI Components";
			sourceTree = "<group>";
		};
		D35F55892C105609001A3730 /* Setting VCs */ = {
			isa = PBXGroup;
			children = (
				D39CB0242BDBFE39004B96C5 /* SettingTableViewController.swift */,
				D38E53A02B88CB4B008E8BDE /* StoreLocationViewController.swift */,
			);
			path = "Setting VCs";
			sourceTree = "<group>";
		};
		D35F558A2C105643001A3730 /* Login VCs */ = {
			isa = PBXGroup;
			children = (
				D366516C2C2110E5000FA307 /* AuthSelectionViewController.swift */,
				D38E53952B889ADD008E8BDE /* LoginViewController.swift */,
				D39CB0542BDFFDB5004B96C5 /* RegisterViewController.swift */,
			);
			path = "Login VCs";
			sourceTree = "<group>";
		};
		D36651722C21128E000FA307 /* Custom TextFields */ = {
			isa = PBXGroup;
			children = (
				D3E8B6752C134B48004D00BF /* CustomTextField.swift */,
				D33A9CDB2C21723C005B614A /* AccountTextField.swift */,
				D33A9CE32C217A78005B614A /* NameTextField.swift */,
				D33A9CE12C217A40005B614A /* MailTextField.swift */,
				D33A9CDD2C217261005B614A /* PasswordTextField.swift */,
			);
			path = "Custom TextFields";
			sourceTree = "<group>";
		};
		D36651732C2112AB000FA307 /* Custom AnnotationView */ = {
			isa = PBXGroup;
			children = (
				D39CB0302BDD5F07004B96C5 /* KebukeAnnotationView.swift */,
				D39CB02E2BDD4F15004B96C5 /* KebukeAnnotation.swift */,
			);
			path = "Custom AnnotationView";
			sourceTree = "<group>";
		};
		D38E537D2B8876FD008E8BDE /* Supporting Files */ = {
			isa = PBXGroup;
			children = (
				EB94C1D82B8734F5008098DE /* AppDelegate.swift */,
				EB94C1DA2B8734F5008098DE /* SceneDelegate.swift */,
				EB94C1E12B8734F7008098DE /* Assets.xcassets */,
				EB94C1DE2B8734F5008098DE /* Main.storyboard */,
				EB94C1E32B8734F7008098DE /* LaunchScreen.storyboard */,
			);
			path = "Supporting Files";
			sourceTree = "<group>";
		};
		D38E53862B887A85008E8BDE /* Constants */ = {
			isa = PBXGroup;
			children = (
				D38E53842B887A6C008E8BDE /* ImageConstants.swift */,
				D38E53872B887AAC008E8BDE /* ColorConstants.swift */,
			);
			path = Constants;
			sourceTree = "<group>";
		};
		D38E538F2B889A07008E8BDE /* Models */ = {
			isa = PBXGroup;
			children = (
				D30C48962BD0D44F00C5B908 /* DrinksModel.swift */,
				D3B2423B2C1F1F4000EC0ED9 /* DrinksOrder.swift */,
				D38E53A22B88CE40008E8BDE /* SettingsModel.swift */,
				D39CB0282BDC8782004B96C5 /* KebukeStoreModel.swift */,
				D31D781E2C2156980039557A /* FavQsAPI.swift */,
				D33A9CE52C2489B4005B614A /* ContentCheck.swift */,
			);
			path = Models;
			sourceTree = "<group>";
		};
		D38E539B2B88AB92008E8BDE /* View Controllers */ = {
			isa = PBXGroup;
			children = (
				D35F55892C105609001A3730 /* Setting VCs */,
				D35F558A2C105643001A3730 /* Login VCs */,
				D38E539E2B88C2D8008E8BDE /* HomePageViewController.swift */,
				D30C48942BD08EB400C5B908 /* OrderDetailViewController.swift */,
				D38E53972B889B04008E8BDE /* OrderListViewController.swift */,
			);
			path = "View Controllers";
			sourceTree = "<group>";
		};
		D39CB0532BDFFCF3004B96C5 /* Custom Buttons */ = {
			isa = PBXGroup;
			children = (
				D38E53892B888F50008E8BDE /* LoginButton.swift */,
				D3159C8B2C2A90AA00DBF0E0 /* CheckingPasswordButton.swift */,
				D366516E2C211198000FA307 /* FinishButton.swift */,
				D39CB0512BDFFC07004B96C5 /* RegisterButton.swift */,
				D39CB0562BE00897004B96C5 /* SecRegisterButton.swift */,
				D3E8B6732C134667004D00BF /* SubmitButton.swift */,
			);
			path = "Custom Buttons";
			sourceTree = "<group>";
		};
		D3B242362C1DEDD400EC0ED9 /* Networking Manager */ = {
			isa = PBXGroup;
			children = (
				D3B242342C1DEDC400EC0ED9 /* NetworkManager.swift */,
			);
			path = "Networking Manager";
			sourceTree = "<group>";
		};
		EB94C1CC2B8734F5008098DE = {
			isa = PBXGroup;
			children = (
				D37E7D062C1ABC580079736E /* README.md */,
				EB94C1D72B8734F5008098DE /* DrinkOrderApp */,
				EB94C1EE2B8734F7008098DE /* DrinkOrderAppTests */,
				EB94C1F82B8734F7008098DE /* DrinkOrderAppUITests */,
				EB94C1D62B8734F5008098DE /* Products */,
			);
			sourceTree = "<group>";
		};
		EB94C1D62B8734F5008098DE /* Products */ = {
			isa = PBXGroup;
			children = (
				EB94C1D52B8734F5008098DE /* DrinkOrderApp.app */,
				EB94C1EB2B8734F7008098DE /* DrinkOrderAppTests.xctest */,
				EB94C1F52B8734F7008098DE /* DrinkOrderAppUITests.xctest */,
			);
			name = Products;
			sourceTree = "<group>";
		};
		EB94C1D72B8734F5008098DE /* DrinkOrderApp */ = {
			isa = PBXGroup;
			children = (
				EB94C1E62B8734F7008098DE /* Info.plist */,
				D38E537D2B8876FD008E8BDE /* Supporting Files */,
				D38E53862B887A85008E8BDE /* Constants */,
				D3B242362C1DEDD400EC0ED9 /* Networking Manager */,
				D38E538F2B889A07008E8BDE /* Models */,
				D38E539B2B88AB92008E8BDE /* View Controllers */,
				D35F55882C0F5EDC001A3730 /* UI Components */,
				D39CB0262BDC0B0D004B96C5 /* KebukeStoreJson.json */,
				D35F55852C0F5673001A3730 /* GoogleService-Info.plist */,
			);
			path = DrinkOrderApp;
			sourceTree = "<group>";
		};
		EB94C1EE2B8734F7008098DE /* DrinkOrderAppTests */ = {
			isa = PBXGroup;
			children = (
				EB94C1EF2B8734F7008098DE /* DrinkOrderAppTests.swift */,
			);
			path = DrinkOrderAppTests;
			sourceTree = "<group>";
		};
		EB94C1F82B8734F7008098DE /* DrinkOrderAppUITests */ = {
			isa = PBXGroup;
			children = (
				EB94C1F92B8734F7008098DE /* DrinkOrderAppUITests.swift */,
				EB94C1FB2B8734F7008098DE /* DrinkOrderAppUITestsLaunchTests.swift */,
			);
			path = DrinkOrderAppUITests;
			sourceTree = "<group>";
		};
/* End PBXGroup section */

/* Begin PBXNativeTarget section */
		EB94C1D42B8734F5008098DE /* DrinkOrderApp */ = {
			isa = PBXNativeTarget;
			buildConfigurationList = EB94C1FF2B8734F7008098DE /* Build configuration list for PBXNativeTarget "DrinkOrderApp" */;
			buildPhases = (
				EB94C1D12B8734F5008098DE /* Sources */,
				EB94C1D22B8734F5008098DE /* Frameworks */,
				EB94C1D32B8734F5008098DE /* Resources */,
			);
			buildRules = (
			);
			dependencies = (
			);
			name = DrinkOrderApp;
			packageProductDependencies = (
				D3159C862C286F4C00DBF0E0 /* Kingfisher */,
				D3159C892C286F8D00DBF0E0 /* IQKeyboardManagerSwift */,
			);
			productName = DrinkOrderApp;
			productReference = EB94C1D52B8734F5008098DE /* DrinkOrderApp.app */;
			productType = "com.apple.product-type.application";
		};
		EB94C1EA2B8734F7008098DE /* DrinkOrderAppTests */ = {
			isa = PBXNativeTarget;
			buildConfigurationList = EB94C2022B8734F7008098DE /* Build configuration list for PBXNativeTarget "DrinkOrderAppTests" */;
			buildPhases = (
				EB94C1E72B8734F7008098DE /* Sources */,
				EB94C1E82B8734F7008098DE /* Frameworks */,
				EB94C1E92B8734F7008098DE /* Resources */,
			);
			buildRules = (
			);
			dependencies = (
				EB94C1ED2B8734F7008098DE /* PBXTargetDependency */,
			);
			name = DrinkOrderAppTests;
			productName = DrinkOrderAppTests;
			productReference = EB94C1EB2B8734F7008098DE /* DrinkOrderAppTests.xctest */;
			productType = "com.apple.product-type.bundle.unit-test";
		};
		EB94C1F42B8734F7008098DE /* DrinkOrderAppUITests */ = {
			isa = PBXNativeTarget;
			buildConfigurationList = EB94C2052B8734F7008098DE /* Build configuration list for PBXNativeTarget "DrinkOrderAppUITests" */;
			buildPhases = (
				EB94C1F12B8734F7008098DE /* Sources */,
				EB94C1F22B8734F7008098DE /* Frameworks */,
				EB94C1F32B8734F7008098DE /* Resources */,
			);
			buildRules = (
			);
			dependencies = (
				EB94C1F72B8734F7008098DE /* PBXTargetDependency */,
			);
			name = DrinkOrderAppUITests;
			productName = DrinkOrderAppUITests;
			productReference = EB94C1F52B8734F7008098DE /* DrinkOrderAppUITests.xctest */;
			productType = "com.apple.product-type.bundle.ui-testing";
		};
/* End PBXNativeTarget section */

/* Begin PBXProject section */
		EB94C1CD2B8734F5008098DE /* Project object */ = {
			isa = PBXProject;
			attributes = {
				BuildIndependentTargetsInParallel = 1;
				LastSwiftUpdateCheck = 1520;
				LastUpgradeCheck = 1520;
				TargetAttributes = {
					EB94C1D42B8734F5008098DE = {
						CreatedOnToolsVersion = 15.2;
					};
					EB94C1EA2B8734F7008098DE = {
						CreatedOnToolsVersion = 15.2;
						TestTargetID = EB94C1D42B8734F5008098DE;
					};
					EB94C1F42B8734F7008098DE = {
						CreatedOnToolsVersion = 15.2;
						TestTargetID = EB94C1D42B8734F5008098DE;
					};
				};
			};
			buildConfigurationList = EB94C1D02B8734F5008098DE /* Build configuration list for PBXProject "DrinkOrderApp" */;
			compatibilityVersion = "Xcode 14.0";
			developmentRegion = en;
			hasScannedForEncodings = 0;
			knownRegions = (
				en,
				Base,
			);
			mainGroup = EB94C1CC2B8734F5008098DE;
			packageReferences = (
				D3159C852C286F4C00DBF0E0 /* XCRemoteSwiftPackageReference "Kingfisher" */,
				D3159C882C286F8D00DBF0E0 /* XCRemoteSwiftPackageReference "IQKeyboardManager" */,
			);
			productRefGroup = EB94C1D62B8734F5008098DE /* Products */;
			projectDirPath = "";
			projectRoot = "";
			targets = (
				EB94C1D42B8734F5008098DE /* DrinkOrderApp */,
				EB94C1EA2B8734F7008098DE /* DrinkOrderAppTests */,
				EB94C1F42B8734F7008098DE /* DrinkOrderAppUITests */,
			);
		};
/* End PBXProject section */

/* Begin PBXResourcesBuildPhase section */
		EB94C1D32B8734F5008098DE /* Resources */ = {
			isa = PBXResourcesBuildPhase;
			buildActionMask = 2147483647;
			files = (
				EB94C1E52B8734F7008098DE /* LaunchScreen.storyboard in Resources */,
				EB94C1E22B8734F7008098DE /* Assets.xcassets in Resources */,
				D39CB0272BDC0B0D004B96C5 /* KebukeStoreJson.json in Resources */,
				EB94C1E02B8734F5008098DE /* Main.storyboard in Resources */,
				D35F55862C0F5673001A3730 /* GoogleService-Info.plist in Resources */,
			);
			runOnlyForDeploymentPostprocessing = 0;
		};
		EB94C1E92B8734F7008098DE /* Resources */ = {
			isa = PBXResourcesBuildPhase;
			buildActionMask = 2147483647;
			files = (
			);
			runOnlyForDeploymentPostprocessing = 0;
		};
		EB94C1F32B8734F7008098DE /* Resources */ = {
			isa = PBXResourcesBuildPhase;
			buildActionMask = 2147483647;
			files = (
			);
			runOnlyForDeploymentPostprocessing = 0;
		};
/* End PBXResourcesBuildPhase section */

/* Begin PBXSourcesBuildPhase section */
		EB94C1D12B8734F5008098DE /* Sources */ = {
			isa = PBXSourcesBuildPhase;
			buildActionMask = 2147483647;
			files = (
				D30C48992BD1F41E00C5B908 /* DrinkTableViewCell.swift in Sources */,
				D33A9CE22C217A40005B614A /* MailTextField.swift in Sources */,
				D3159C8C2C2A90AA00DBF0E0 /* CheckingPasswordButton.swift in Sources */,
				D30C48952BD08EB400C5B908 /* OrderDetailViewController.swift in Sources */,
				D38E53A32B88CE40008E8BDE /* SettingsModel.swift in Sources */,
				D39CB0292BDC8782004B96C5 /* KebukeStoreModel.swift in Sources */,
				D38E53982B889B04008E8BDE /* OrderListViewController.swift in Sources */,
				D38E53852B887A6C008E8BDE /* ImageConstants.swift in Sources */,
				D3B242332C1DE7DA00EC0ED9 /* EmptyStateView.swift in Sources */,
				D30C489C2BD41C1C00C5B908 /* CustomStepper.swift in Sources */,
				D30C48972BD0D44F00C5B908 /* DrinksModel.swift in Sources */,
				D3E8B6762C134B48004D00BF /* CustomTextField.swift in Sources */,
				D38E538A2B888F50008E8BDE /* LoginButton.swift in Sources */,
				D366516F2C211198000FA307 /* FinishButton.swift in Sources */,
				EB94C1D92B8734F5008098DE /* AppDelegate.swift in Sources */,
				D38E53962B889ADD008E8BDE /* LoginViewController.swift in Sources */,
				D33A9CDC2C21723D005B614A /* AccountTextField.swift in Sources */,
				D39CB0232BDAB18B004B96C5 /* SettingTableViewCell.swift in Sources */,
				D3B242352C1DEDC400EC0ED9 /* NetworkManager.swift in Sources */,
				D3B2423A2C1EF9C800EC0ED9 /* DrinksQtyStepper.swift in Sources */,
				D39CB0252BDBFE39004B96C5 /* SettingTableViewController.swift in Sources */,
				EB94C1DB2B8734F5008098DE /* SceneDelegate.swift in Sources */,
				D33A9CDE2C217261005B614A /* PasswordTextField.swift in Sources */,
				D39CB0552BDFFDB5004B96C5 /* RegisterViewController.swift in Sources */,
				D3B2423C2C1F1F4000EC0ED9 /* DrinksOrder.swift in Sources */,
				D38E53A12B88CB4B008E8BDE /* StoreLocationViewController.swift in Sources */,
				D38E53882B887AAC008E8BDE /* ColorConstants.swift in Sources */,
				D33A9CE42C217A78005B614A /* NameTextField.swift in Sources */,
				D38E539F2B88C2D8008E8BDE /* HomePageViewController.swift in Sources */,
				D33A9CE62C2489B4005B614A /* ContentCheck.swift in Sources */,
				D30C48A02BD79D8500C5B908 /* CheckoutView.swift in Sources */,
				D30C48932BD0218800C5B908 /* OrderListTableViewCell.swift in Sources */,
				D366516D2C2110E5000FA307 /* AuthSelectionViewController.swift in Sources */,
				D31D781F2C2156980039557A /* FavQsAPI.swift in Sources */,
				D3E8B6742C134667004D00BF /* SubmitButton.swift in Sources */,
				D39CB02F2BDD4F15004B96C5 /* KebukeAnnotation.swift in Sources */,
				D39CB0522BDFFC07004B96C5 /* RegisterButton.swift in Sources */,
				D3E8B6782C134ECF004D00BF /* CustomOrderDetailLabel.swift in Sources */,
				D39CB0572BE00897004B96C5 /* SecRegisterButton.swift in Sources */,
				D39CB0312BDD5F07004B96C5 /* KebukeAnnotationView.swift in Sources */,
			);
			runOnlyForDeploymentPostprocessing = 0;
		};
		EB94C1E72B8734F7008098DE /* Sources */ = {
			isa = PBXSourcesBuildPhase;
			buildActionMask = 2147483647;
			files = (
				EB94C1F02B8734F7008098DE /* DrinkOrderAppTests.swift in Sources */,
			);
			runOnlyForDeploymentPostprocessing = 0;
		};
		EB94C1F12B8734F7008098DE /* Sources */ = {
			isa = PBXSourcesBuildPhase;
			buildActionMask = 2147483647;
			files = (
				EB94C1FC2B8734F7008098DE /* DrinkOrderAppUITestsLaunchTests.swift in Sources */,
				EB94C1FA2B8734F7008098DE /* DrinkOrderAppUITests.swift in Sources */,
			);
			runOnlyForDeploymentPostprocessing = 0;
		};
/* End PBXSourcesBuildPhase section */

/* Begin PBXTargetDependency section */
		EB94C1ED2B8734F7008098DE /* PBXTargetDependency */ = {
			isa = PBXTargetDependency;
			target = EB94C1D42B8734F5008098DE /* DrinkOrderApp */;
			targetProxy = EB94C1EC2B8734F7008098DE /* PBXContainerItemProxy */;
		};
		EB94C1F72B8734F7008098DE /* PBXTargetDependency */ = {
			isa = PBXTargetDependency;
			target = EB94C1D42B8734F5008098DE /* DrinkOrderApp */;
			targetProxy = EB94C1F62B8734F7008098DE /* PBXContainerItemProxy */;
		};
/* End PBXTargetDependency section */

/* Begin PBXVariantGroup section */
		EB94C1DE2B8734F5008098DE /* Main.storyboard */ = {
			isa = PBXVariantGroup;
			children = (
				EB94C1DF2B8734F5008098DE /* Base */,
			);
			name = Main.storyboard;
			sourceTree = "<group>";
		};
		EB94C1E32B8734F7008098DE /* LaunchScreen.storyboard */ = {
			isa = PBXVariantGroup;
			children = (
				EB94C1E42B8734F7008098DE /* Base */,
			);
			name = LaunchScreen.storyboard;
			sourceTree = "<group>";
		};
/* End PBXVariantGroup section */

/* Begin XCBuildConfiguration section */
		EB94C1FD2B8734F7008098DE /* Debug */ = {
			isa = XCBuildConfiguration;
			buildSettings = {
				ALWAYS_SEARCH_USER_PATHS = NO;
				ASSETCATALOG_COMPILER_GENERATE_SWIFT_ASSET_SYMBOL_EXTENSIONS = YES;
				CLANG_ANALYZER_NONNULL = YES;
				CLANG_ANALYZER_NUMBER_OBJECT_CONVERSION = YES_AGGRESSIVE;
				CLANG_CXX_LANGUAGE_STANDARD = "gnu++20";
				CLANG_ENABLE_MODULES = YES;
				CLANG_ENABLE_OBJC_ARC = YES;
				CLANG_ENABLE_OBJC_WEAK = YES;
				CLANG_WARN_BLOCK_CAPTURE_AUTORELEASING = YES;
				CLANG_WARN_BOOL_CONVERSION = YES;
				CLANG_WARN_COMMA = YES;
				CLANG_WARN_CONSTANT_CONVERSION = YES;
				CLANG_WARN_DEPRECATED_OBJC_IMPLEMENTATIONS = YES;
				CLANG_WARN_DIRECT_OBJC_ISA_USAGE = YES_ERROR;
				CLANG_WARN_DOCUMENTATION_COMMENTS = YES;
				CLANG_WARN_EMPTY_BODY = YES;
				CLANG_WARN_ENUM_CONVERSION = YES;
				CLANG_WARN_INFINITE_RECURSION = YES;
				CLANG_WARN_INT_CONVERSION = YES;
				CLANG_WARN_NON_LITERAL_NULL_CONVERSION = YES;
				CLANG_WARN_OBJC_IMPLICIT_RETAIN_SELF = YES;
				CLANG_WARN_OBJC_LITERAL_CONVERSION = YES;
				CLANG_WARN_OBJC_ROOT_CLASS = YES_ERROR;
				CLANG_WARN_QUOTED_INCLUDE_IN_FRAMEWORK_HEADER = YES;
				CLANG_WARN_RANGE_LOOP_ANALYSIS = YES;
				CLANG_WARN_STRICT_PROTOTYPES = YES;
				CLANG_WARN_SUSPICIOUS_MOVE = YES;
				CLANG_WARN_UNGUARDED_AVAILABILITY = YES_AGGRESSIVE;
				CLANG_WARN_UNREACHABLE_CODE = YES;
				CLANG_WARN__DUPLICATE_METHOD_MATCH = YES;
				COPY_PHASE_STRIP = NO;
				DEBUG_INFORMATION_FORMAT = dwarf;
				ENABLE_STRICT_OBJC_MSGSEND = YES;
				ENABLE_TESTABILITY = YES;
				ENABLE_USER_SCRIPT_SANDBOXING = YES;
				GCC_C_LANGUAGE_STANDARD = gnu17;
				GCC_DYNAMIC_NO_PIC = NO;
				GCC_NO_COMMON_BLOCKS = YES;
				GCC_OPTIMIZATION_LEVEL = 0;
				GCC_PREPROCESSOR_DEFINITIONS = (
					"DEBUG=1",
					"$(inherited)",
				);
				GCC_WARN_64_TO_32_BIT_CONVERSION = YES;
				GCC_WARN_ABOUT_RETURN_TYPE = YES_ERROR;
				GCC_WARN_UNDECLARED_SELECTOR = YES;
				GCC_WARN_UNINITIALIZED_AUTOS = YES_AGGRESSIVE;
				GCC_WARN_UNUSED_FUNCTION = YES;
				GCC_WARN_UNUSED_VARIABLE = YES;
				IPHONEOS_DEPLOYMENT_TARGET = 17.2;
				LOCALIZATION_PREFERS_STRING_CATALOGS = YES;
				MTL_ENABLE_DEBUG_INFO = INCLUDE_SOURCE;
				MTL_FAST_MATH = YES;
				ONLY_ACTIVE_ARCH = YES;
				SDKROOT = iphoneos;
				SWIFT_ACTIVE_COMPILATION_CONDITIONS = "DEBUG $(inherited)";
				SWIFT_OPTIMIZATION_LEVEL = "-Onone";
			};
			name = Debug;
		};
		EB94C1FE2B8734F7008098DE /* Release */ = {
			isa = XCBuildConfiguration;
			buildSettings = {
				ALWAYS_SEARCH_USER_PATHS = NO;
				ASSETCATALOG_COMPILER_GENERATE_SWIFT_ASSET_SYMBOL_EXTENSIONS = YES;
				CLANG_ANALYZER_NONNULL = YES;
				CLANG_ANALYZER_NUMBER_OBJECT_CONVERSION = YES_AGGRESSIVE;
				CLANG_CXX_LANGUAGE_STANDARD = "gnu++20";
				CLANG_ENABLE_MODULES = YES;
				CLANG_ENABLE_OBJC_ARC = YES;
				CLANG_ENABLE_OBJC_WEAK = YES;
				CLANG_WARN_BLOCK_CAPTURE_AUTORELEASING = YES;
				CLANG_WARN_BOOL_CONVERSION = YES;
				CLANG_WARN_COMMA = YES;
				CLANG_WARN_CONSTANT_CONVERSION = YES;
				CLANG_WARN_DEPRECATED_OBJC_IMPLEMENTATIONS = YES;
				CLANG_WARN_DIRECT_OBJC_ISA_USAGE = YES_ERROR;
				CLANG_WARN_DOCUMENTATION_COMMENTS = YES;
				CLANG_WARN_EMPTY_BODY = YES;
				CLANG_WARN_ENUM_CONVERSION = YES;
				CLANG_WARN_INFINITE_RECURSION = YES;
				CLANG_WARN_INT_CONVERSION = YES;
				CLANG_WARN_NON_LITERAL_NULL_CONVERSION = YES;
				CLANG_WARN_OBJC_IMPLICIT_RETAIN_SELF = YES;
				CLANG_WARN_OBJC_LITERAL_CONVERSION = YES;
				CLANG_WARN_OBJC_ROOT_CLASS = YES_ERROR;
				CLANG_WARN_QUOTED_INCLUDE_IN_FRAMEWORK_HEADER = YES;
				CLANG_WARN_RANGE_LOOP_ANALYSIS = YES;
				CLANG_WARN_STRICT_PROTOTYPES = YES;
				CLANG_WARN_SUSPICIOUS_MOVE = YES;
				CLANG_WARN_UNGUARDED_AVAILABILITY = YES_AGGRESSIVE;
				CLANG_WARN_UNREACHABLE_CODE = YES;
				CLANG_WARN__DUPLICATE_METHOD_MATCH = YES;
				COPY_PHASE_STRIP = NO;
				DEBUG_INFORMATION_FORMAT = "dwarf-with-dsym";
				ENABLE_NS_ASSERTIONS = NO;
				ENABLE_STRICT_OBJC_MSGSEND = YES;
				ENABLE_USER_SCRIPT_SANDBOXING = YES;
				GCC_C_LANGUAGE_STANDARD = gnu17;
				GCC_NO_COMMON_BLOCKS = YES;
				GCC_WARN_64_TO_32_BIT_CONVERSION = YES;
				GCC_WARN_ABOUT_RETURN_TYPE = YES_ERROR;
				GCC_WARN_UNDECLARED_SELECTOR = YES;
				GCC_WARN_UNINITIALIZED_AUTOS = YES_AGGRESSIVE;
				GCC_WARN_UNUSED_FUNCTION = YES;
				GCC_WARN_UNUSED_VARIABLE = YES;
				IPHONEOS_DEPLOYMENT_TARGET = 17.2;
				LOCALIZATION_PREFERS_STRING_CATALOGS = YES;
				MTL_ENABLE_DEBUG_INFO = NO;
				MTL_FAST_MATH = YES;
				SDKROOT = iphoneos;
				SWIFT_COMPILATION_MODE = wholemodule;
				VALIDATE_PRODUCT = YES;
			};
			name = Release;
		};
		EB94C2002B8734F7008098DE /* Debug */ = {
			isa = XCBuildConfiguration;
			buildSettings = {
				ASSETCATALOG_COMPILER_APPICON_NAME = AppIcon;
				ASSETCATALOG_COMPILER_GLOBAL_ACCENT_COLOR_NAME = AccentColor;
				ASSETCATALOG_COMPILER_INCLUDE_ALL_APPICON_ASSETS = NO;
				CODE_SIGN_STYLE = Automatic;
				CURRENT_PROJECT_VERSION = 1;
				DEVELOPMENT_TEAM = 7NJ9W73ML8;
				GENERATE_INFOPLIST_FILE = YES;
				INFOPLIST_FILE = DrinkOrderApp/Info.plist;
				INFOPLIST_KEY_UIApplicationSupportsIndirectInputEvents = YES;
				INFOPLIST_KEY_UILaunchStoryboardName = LaunchScreen;
				INFOPLIST_KEY_UIMainStoryboardFile = Main;
				INFOPLIST_KEY_UISupportedInterfaceOrientations_iPad = "UIInterfaceOrientationPortrait UIInterfaceOrientationPortraitUpsideDown UIInterfaceOrientationLandscapeLeft UIInterfaceOrientationLandscapeRight";
				INFOPLIST_KEY_UISupportedInterfaceOrientations_iPhone = "UIInterfaceOrientationPortrait UIInterfaceOrientationLandscapeLeft UIInterfaceOrientationLandscapeRight";
				LD_RUNPATH_SEARCH_PATHS = (
					"$(inherited)",
					"@executable_path/Frameworks",
				);
				MARKETING_VERSION = 1.0;
				PRODUCT_BUNDLE_IDENTIFIER = dawei.DrinkOrderApp;
				PRODUCT_NAME = "$(TARGET_NAME)";
				SWIFT_EMIT_LOC_STRINGS = YES;
				SWIFT_VERSION = 5.0;
				TARGETED_DEVICE_FAMILY = "1,2";
			};
			name = Debug;
		};
		EB94C2012B8734F7008098DE /* Release */ = {
			isa = XCBuildConfiguration;
			buildSettings = {
				ASSETCATALOG_COMPILER_APPICON_NAME = AppIcon;
				ASSETCATALOG_COMPILER_GLOBAL_ACCENT_COLOR_NAME = AccentColor;
				ASSETCATALOG_COMPILER_INCLUDE_ALL_APPICON_ASSETS = NO;
				CODE_SIGN_STYLE = Automatic;
				CURRENT_PROJECT_VERSION = 1;
				DEVELOPMENT_TEAM = 7NJ9W73ML8;
				GENERATE_INFOPLIST_FILE = YES;
				INFOPLIST_FILE = DrinkOrderApp/Info.plist;
				INFOPLIST_KEY_UIApplicationSupportsIndirectInputEvents = YES;
				INFOPLIST_KEY_UILaunchStoryboardName = LaunchScreen;
				INFOPLIST_KEY_UIMainStoryboardFile = Main;
				INFOPLIST_KEY_UISupportedInterfaceOrientations_iPad = "UIInterfaceOrientationPortrait UIInterfaceOrientationPortraitUpsideDown UIInterfaceOrientationLandscapeLeft UIInterfaceOrientationLandscapeRight";
				INFOPLIST_KEY_UISupportedInterfaceOrientations_iPhone = "UIInterfaceOrientationPortrait UIInterfaceOrientationLandscapeLeft UIInterfaceOrientationLandscapeRight";
				LD_RUNPATH_SEARCH_PATHS = (
					"$(inherited)",
					"@executable_path/Frameworks",
				);
				MARKETING_VERSION = 1.0;
				PRODUCT_BUNDLE_IDENTIFIER = dawei.DrinkOrderApp;
				PRODUCT_NAME = "$(TARGET_NAME)";
				SWIFT_EMIT_LOC_STRINGS = YES;
				SWIFT_VERSION = 5.0;
				TARGETED_DEVICE_FAMILY = "1,2";
			};
			name = Release;
		};
		EB94C2032B8734F7008098DE /* Debug */ = {
			isa = XCBuildConfiguration;
			buildSettings = {
				ALWAYS_EMBED_SWIFT_STANDARD_LIBRARIES = YES;
				BUNDLE_LOADER = "$(TEST_HOST)";
				CODE_SIGN_STYLE = Automatic;
				CURRENT_PROJECT_VERSION = 1;
				DEVELOPMENT_TEAM = 7NJ9W73ML8;
				GENERATE_INFOPLIST_FILE = YES;
				IPHONEOS_DEPLOYMENT_TARGET = 17.2;
				MARKETING_VERSION = 1.0;
				PRODUCT_BUNDLE_IDENTIFIER = dawei.DrinkOrderAppTests;
				PRODUCT_NAME = "$(TARGET_NAME)";
				SWIFT_EMIT_LOC_STRINGS = NO;
				SWIFT_VERSION = 5.0;
				TARGETED_DEVICE_FAMILY = "1,2";
				TEST_HOST = "$(BUILT_PRODUCTS_DIR)/DrinkOrderApp.app/$(BUNDLE_EXECUTABLE_FOLDER_PATH)/DrinkOrderApp";
			};
			name = Debug;
		};
		EB94C2042B8734F7008098DE /* Release */ = {
			isa = XCBuildConfiguration;
			buildSettings = {
				ALWAYS_EMBED_SWIFT_STANDARD_LIBRARIES = YES;
				BUNDLE_LOADER = "$(TEST_HOST)";
				CODE_SIGN_STYLE = Automatic;
				CURRENT_PROJECT_VERSION = 1;
				DEVELOPMENT_TEAM = 7NJ9W73ML8;
				GENERATE_INFOPLIST_FILE = YES;
				IPHONEOS_DEPLOYMENT_TARGET = 17.2;
				MARKETING_VERSION = 1.0;
				PRODUCT_BUNDLE_IDENTIFIER = dawei.DrinkOrderAppTests;
				PRODUCT_NAME = "$(TARGET_NAME)";
				SWIFT_EMIT_LOC_STRINGS = NO;
				SWIFT_VERSION = 5.0;
				TARGETED_DEVICE_FAMILY = "1,2";
				TEST_HOST = "$(BUILT_PRODUCTS_DIR)/DrinkOrderApp.app/$(BUNDLE_EXECUTABLE_FOLDER_PATH)/DrinkOrderApp";
			};
			name = Release;
		};
		EB94C2062B8734F7008098DE /* Debug */ = {
			isa = XCBuildConfiguration;
			buildSettings = {
				ALWAYS_EMBED_SWIFT_STANDARD_LIBRARIES = YES;
				CODE_SIGN_STYLE = Automatic;
				CURRENT_PROJECT_VERSION = 1;
				DEVELOPMENT_TEAM = 7NJ9W73ML8;
				GENERATE_INFOPLIST_FILE = YES;
				MARKETING_VERSION = 1.0;
				PRODUCT_BUNDLE_IDENTIFIER = dawei.DrinkOrderAppUITests;
				PRODUCT_NAME = "$(TARGET_NAME)";
				SWIFT_EMIT_LOC_STRINGS = NO;
				SWIFT_VERSION = 5.0;
				TARGETED_DEVICE_FAMILY = "1,2";
				TEST_TARGET_NAME = DrinkOrderApp;
			};
			name = Debug;
		};
		EB94C2072B8734F7008098DE /* Release */ = {
			isa = XCBuildConfiguration;
			buildSettings = {
				ALWAYS_EMBED_SWIFT_STANDARD_LIBRARIES = YES;
				CODE_SIGN_STYLE = Automatic;
				CURRENT_PROJECT_VERSION = 1;
				DEVELOPMENT_TEAM = 7NJ9W73ML8;
				GENERATE_INFOPLIST_FILE = YES;
				MARKETING_VERSION = 1.0;
				PRODUCT_BUNDLE_IDENTIFIER = dawei.DrinkOrderAppUITests;
				PRODUCT_NAME = "$(TARGET_NAME)";
				SWIFT_EMIT_LOC_STRINGS = NO;
				SWIFT_VERSION = 5.0;
				TARGETED_DEVICE_FAMILY = "1,2";
				TEST_TARGET_NAME = DrinkOrderApp;
			};
			name = Release;
		};
/* End XCBuildConfiguration section */

/* Begin XCConfigurationList section */
		EB94C1D02B8734F5008098DE /* Build configuration list for PBXProject "DrinkOrderApp" */ = {
			isa = XCConfigurationList;
			buildConfigurations = (
				EB94C1FD2B8734F7008098DE /* Debug */,
				EB94C1FE2B8734F7008098DE /* Release */,
			);
			defaultConfigurationIsVisible = 0;
			defaultConfigurationName = Release;
		};
		EB94C1FF2B8734F7008098DE /* Build configuration list for PBXNativeTarget "DrinkOrderApp" */ = {
			isa = XCConfigurationList;
			buildConfigurations = (
				EB94C2002B8734F7008098DE /* Debug */,
				EB94C2012B8734F7008098DE /* Release */,
			);
			defaultConfigurationIsVisible = 0;
			defaultConfigurationName = Release;
		};
		EB94C2022B8734F7008098DE /* Build configuration list for PBXNativeTarget "DrinkOrderAppTests" */ = {
			isa = XCConfigurationList;
			buildConfigurations = (
				EB94C2032B8734F7008098DE /* Debug */,
				EB94C2042B8734F7008098DE /* Release */,
			);
			defaultConfigurationIsVisible = 0;
			defaultConfigurationName = Release;
		};
		EB94C2052B8734F7008098DE /* Build configuration list for PBXNativeTarget "DrinkOrderAppUITests" */ = {
			isa = XCConfigurationList;
			buildConfigurations = (
				EB94C2062B8734F7008098DE /* Debug */,
				EB94C2072B8734F7008098DE /* Release */,
			);
			defaultConfigurationIsVisible = 0;
			defaultConfigurationName = Release;
		};
/* End XCConfigurationList section */

/* Begin XCRemoteSwiftPackageReference section */
		D3159C852C286F4C00DBF0E0 /* XCRemoteSwiftPackageReference "Kingfisher" */ = {
			isa = XCRemoteSwiftPackageReference;
			repositoryURL = "https://github.com/onevcat/Kingfisher";
			requirement = {
				kind = upToNextMajorVersion;
				minimumVersion = 7.12.0;
			};
		};
		D3159C882C286F8D00DBF0E0 /* XCRemoteSwiftPackageReference "IQKeyboardManager" */ = {
			isa = XCRemoteSwiftPackageReference;
			repositoryURL = "https://github.com/hackiftekhar/IQKeyboardManager.git";
			requirement = {
				kind = upToNextMajorVersion;
				minimumVersion = 7.0.3;
			};
		};
/* End XCRemoteSwiftPackageReference section */

/* Begin XCSwiftPackageProductDependency section */
		D3159C862C286F4C00DBF0E0 /* Kingfisher */ = {
			isa = XCSwiftPackageProductDependency;
			package = D3159C852C286F4C00DBF0E0 /* XCRemoteSwiftPackageReference "Kingfisher" */;
			productName = Kingfisher;
		};
		D3159C892C286F8D00DBF0E0 /* IQKeyboardManagerSwift */ = {
			isa = XCSwiftPackageProductDependency;
			package = D3159C882C286F8D00DBF0E0 /* XCRemoteSwiftPackageReference "IQKeyboardManager" */;
			productName = IQKeyboardManagerSwift;
		};
/* End XCSwiftPackageProductDependency section */
	};
	rootObject = EB94C1CD2B8734F5008098DE /* Project object */;
}
